
Microsoft Visual Studio Solution File, Format Version 12.00
# Visual Studio Version 16
VisualStudioVersion = 16.0.31321.278
MinimumVisualStudioVersion = 10.0.40219.1
Project("{FAE04EC0-301F-11D3-BF4B-00C04F79EFBC}") = "WebApiWithEFDemo", "WebApiWithEFDemo.csproj", "{78FD3D70-8635-4F44-AAFB-0A7B1B696A3D}"
EndProject
Global
	GlobalSection(SolutionConfigurationPlatforms) = preSolution
		Debug|Any CPU = Debug|Any CPU
		Release|Any CPU = Release|Any CPU
	EndGlobalSection
	GlobalSection(ProjectConfigurationPlatforms) = postSolution
		{78FD3D70-8635-4F44-AAFB-0A7B1B696A3D}.Debug|Any CPU.ActiveCfg = Debug|Any CPU
		{78FD3D70-8635-4F44-AAFB-0A7B1B696A3D}.Debug|Any CPU.Build.0 = Debug|Any CPU
		{78FD3D70-8635-4F44-AAFB-0A7B1B696A3D}.Release|Any CPU.ActiveCfg = Release|Any CPU
		{78FD3D70-8635-4F44-AAFB-0A7B1B696A3D}.Release|Any CPU.Build.0 = Release|Any CPU
	EndGlobalSection
	GlobalSection(SolutionProperties) = preSolution
		HideSolutionNode = FALSE
	EndGlobalSection
	GlobalSection(ExtensibilityGlobals) = postSolution
		SolutionGuid = {6227A364-C6BA-4B1D-B2C7-133E5045764C}
	EndGlobalSection
EndGlobal
